
Microsoft Visual Studio Solution File, Format Version 12.00
# Visual Studio Version 17
VisualStudioVersion = 17.9.34728.123
MinimumVisualStudioVersion = 10.0.40219.1
Project("{FAE04EC0-301F-11D3-BF4B-00C04F79EFBC}") = "Programacion 2", "Programacion 2\Programacion 2.csproj", "{EABD41F3-F76E-4D81-AA08-2E9AE99A9CD5}"
EndProject
Global
	GlobalSection(SolutionConfigurationPlatforms) = preSolution
		Debug|Any CPU = Debug|Any CPU
		Release|Any CPU = Release|Any CPU
	EndGlobalSection
	GlobalSection(ProjectConfigurationPlatforms) = postSolution
		{EABD41F3-F76E-4D81-AA08-2E9AE99A9CD5}.Debug|Any CPU.ActiveCfg = Debug|Any CPU
		{EABD41F3-F76E-4D81-AA08-2E9AE99A9CD5}.Debug|Any CPU.Build.0 = Debug|Any CPU
		{EABD41F3-F76E-4D81-AA08-2E9AE99A9CD5}.Release|Any CPU.ActiveCfg = Release|Any CPU
		{EABD41F3-F76E-4D81-AA08-2E9AE99A9CD5}.Release|Any CPU.Build.0 = Release|Any CPU
	EndGlobalSection
	GlobalSection(SolutionProperties) = preSolution
		HideSolutionNode = FALSE
	EndGlobalSection
	GlobalSection(ExtensibilityGlobals) = postSolution
		SolutionGuid = {9919014A-8CB3-4B14-9140-075CBADEB340}
	EndGlobalSection
EndGlobal
